
Microsoft Visual Studio Solution File, Format Version 12.00
# Visual Studio 14
VisualStudioVersion = 14.0.23107.0
MinimumVisualStudioVersion = 10.0.40219.1
Project("{FAE04EC0-301F-11D3-BF4B-00C04F79EFBC}") = "TestLib", "TestLib\TestLib.csproj", "{0AC8B132-9317-4D4B-8821-460FB6354B00}"
EndProject
Project("{FAE04EC0-301F-11D3-BF4B-00C04F79EFBC}") = "TestingService.DAL.Interface", "TestingService.DAL.Interface\TestingService.DAL.Interface.csproj", "{A95FDCE3-099D-4751-9A4A-8F438431BA75}"
EndProject
Project("{FAE04EC0-301F-11D3-BF4B-00C04F79EFBC}") = "TestingService.DAL", "TestingService.DAL\TestingService.DAL.csproj", "{760A7C71-4EB3-4600-975C-E83681ACB42E}"
EndProject
Project("{FAE04EC0-301F-11D3-BF4B-00C04F79EFBC}") = "TestingService.ORM", "TestingService.ORM\TestingService.ORM.csproj", "{8460E3CA-DF45-43CD-9D6D-3C2D865F273B}"
EndProject
Project("{FAE04EC0-301F-11D3-BF4B-00C04F79EFBC}") = "TestingService.DependencyResolver", "TestingService.DependencyResolver\TestingService.DependencyResolver.csproj", "{7D557C82-244D-4195-A99F-0C675F8E0BC8}"
EndProject
Project("{FAE04EC0-301F-11D3-BF4B-00C04F79EFBC}") = "TestingService.BLL.Interface", "TestingService.BLL.Interface\TestingService.BLL.Interface.csproj", "{6957A044-EB9C-435F-A660-74A6FF1F53EE}"
EndProject
Project("{FAE04EC0-301F-11D3-BF4B-00C04F79EFBC}") = "TestingService.BLL", "TestingService.BLL\TestingService.BLL.csproj", "{C94413AD-4951-4D31-A00F-2E7ABDCF763F}"
EndProject
Project("{FAE04EC0-301F-11D3-BF4B-00C04F79EFBC}") = "TestingService.WebApplication", "TestingService.WebApplication\TestingService.WebApplication.csproj", "{70AC5028-DBA9-4564-8DCA-3F48AA894A0A}"
EndProject
Global
	GlobalSection(SolutionConfigurationPlatforms) = preSolution
		Debug|Any CPU = Debug|Any CPU
		Release|Any CPU = Release|Any CPU
	EndGlobalSection
	GlobalSection(ProjectConfigurationPlatforms) = postSolution
		{0AC8B132-9317-4D4B-8821-460FB6354B00}.Debug|Any CPU.ActiveCfg = Debug|Any CPU
		{0AC8B132-9317-4D4B-8821-460FB6354B00}.Debug|Any CPU.Build.0 = Debug|Any CPU
		{0AC8B132-9317-4D4B-8821-460FB6354B00}.Release|Any CPU.ActiveCfg = Release|Any CPU
		{0AC8B132-9317-4D4B-8821-460FB6354B00}.Release|Any CPU.Build.0 = Release|Any CPU
		{A95FDCE3-099D-4751-9A4A-8F438431BA75}.Debug|Any CPU.ActiveCfg = Debug|Any CPU
		{A95FDCE3-099D-4751-9A4A-8F438431BA75}.Debug|Any CPU.Build.0 = Debug|Any CPU
		{A95FDCE3-099D-4751-9A4A-8F438431BA75}.Release|Any CPU.ActiveCfg = Release|Any CPU
		{A95FDCE3-099D-4751-9A4A-8F438431BA75}.Release|Any CPU.Build.0 = Release|Any CPU
		{760A7C71-4EB3-4600-975C-E83681ACB42E}.Debug|Any CPU.ActiveCfg = Debug|Any CPU
		{760A7C71-4EB3-4600-975C-E83681ACB42E}.Debug|Any CPU.Build.0 = Debug|Any CPU
		{760A7C71-4EB3-4600-975C-E83681ACB42E}.Release|Any CPU.ActiveCfg = Release|Any CPU
		{760A7C71-4EB3-4600-975C-E83681ACB42E}.Release|Any CPU.Build.0 = Release|Any CPU
		{8460E3CA-DF45-43CD-9D6D-3C2D865F273B}.Debug|Any CPU.ActiveCfg = Debug|Any CPU
		{8460E3CA-DF45-43CD-9D6D-3C2D865F273B}.Debug|Any CPU.Build.0 = Debug|Any CPU
		{8460E3CA-DF45-43CD-9D6D-3C2D865F273B}.Release|Any CPU.ActiveCfg = Release|Any CPU
		{8460E3CA-DF45-43CD-9D6D-3C2D865F273B}.Release|Any CPU.Build.0 = Release|Any CPU
		{7D557C82-244D-4195-A99F-0C675F8E0BC8}.Debug|Any CPU.ActiveCfg = Debug|Any CPU
		{7D557C82-244D-4195-A99F-0C675F8E0BC8}.Debug|Any CPU.Build.0 = Debug|Any CPU
		{7D557C82-244D-4195-A99F-0C675F8E0BC8}.Release|Any CPU.ActiveCfg = Release|Any CPU
		{7D557C82-244D-4195-A99F-0C675F8E0BC8}.Release|Any CPU.Build.0 = Release|Any CPU
		{6957A044-EB9C-435F-A660-74A6FF1F53EE}.Debug|Any CPU.ActiveCfg = Debug|Any CPU
		{6957A044-EB9C-435F-A660-74A6FF1F53EE}.Debug|Any CPU.Build.0 = Debug|Any CPU
		{6957A044-EB9C-435F-A660-74A6FF1F53EE}.Release|Any CPU.ActiveCfg = Release|Any CPU
		{6957A044-EB9C-435F-A660-74A6FF1F53EE}.Release|Any CPU.Build.0 = Release|Any CPU
		{C94413AD-4951-4D31-A00F-2E7ABDCF763F}.Debug|Any CPU.ActiveCfg = Debug|Any CPU
		{C94413AD-4951-4D31-A00F-2E7ABDCF763F}.Debug|Any CPU.Build.0 = Debug|Any CPU
		{C94413AD-4951-4D31-A00F-2E7ABDCF763F}.Release|Any CPU.ActiveCfg = Release|Any CPU
		{C94413AD-4951-4D31-A00F-2E7ABDCF763F}.Release|Any CPU.Build.0 = Release|Any CPU
		{70AC5028-DBA9-4564-8DCA-3F48AA894A0A}.Debug|Any CPU.ActiveCfg = Debug|Any CPU
		{70AC5028-DBA9-4564-8DCA-3F48AA894A0A}.Debug|Any CPU.Build.0 = Debug|Any CPU
		{70AC5028-DBA9-4564-8DCA-3F48AA894A0A}.Release|Any CPU.ActiveCfg = Release|Any CPU
		{70AC5028-DBA9-4564-8DCA-3F48AA894A0A}.Release|Any CPU.Build.0 = Release|Any CPU
	EndGlobalSection
	GlobalSection(SolutionProperties) = preSolution
		HideSolutionNode = FALSE
	EndGlobalSection
EndGlobal
